
Microsoft Visual Studio Solution File, Format Version 12.00
# Visual Studio 15
VisualStudioVersion = 15.0.27004.2006
MinimumVisualStudioVersion = 10.0.40219.1
Project("{9A19103F-16F7-4668-BE54-9A1E7A4F7556}") = "CookieAuthSample", "CookieAuthSample\CookieAuthSample.csproj", "{AFC162F5-9405-4892-8AED-60760D5B224F}"
EndProject
Project("{FAE04EC0-301F-11D3-BF4B-00C04F79EFBC}") = "MvcClient", "MvcClient\MvcClient.csproj", "{25C97194-C46E-4E2D-9F7F-1B2BA082E0E3}"
EndProject
Global
	GlobalSection(SolutionConfigurationPlatforms) = preSolution
		Debug|Any CPU = Debug|Any CPU
		Release|Any CPU = Release|Any CPU
	EndGlobalSection
	GlobalSection(ProjectConfigurationPlatforms) = postSolution
		{AFC162F5-9405-4892-8AED-60760D5B224F}.Debug|Any CPU.ActiveCfg = Debug|Any CPU
		{AFC162F5-9405-4892-8AED-60760D5B224F}.Debug|Any CPU.Build.0 = Debug|Any CPU
		{AFC162F5-9405-4892-8AED-60760D5B224F}.Release|Any CPU.ActiveCfg = Release|Any CPU
		{AFC162F5-9405-4892-8AED-60760D5B224F}.Release|Any CPU.Build.0 = Release|Any CPU
		{25C97194-C46E-4E2D-9F7F-1B2BA082E0E3}.Debug|Any CPU.ActiveCfg = Debug|Any CPU
		{25C97194-C46E-4E2D-9F7F-1B2BA082E0E3}.Debug|Any CPU.Build.0 = Debug|Any CPU
		{25C97194-C46E-4E2D-9F7F-1B2BA082E0E3}.Release|Any CPU.ActiveCfg = Release|Any CPU
		{25C97194-C46E-4E2D-9F7F-1B2BA082E0E3}.Release|Any CPU.Build.0 = Release|Any CPU
	EndGlobalSection
	GlobalSection(SolutionProperties) = preSolution
		HideSolutionNode = FALSE
	EndGlobalSection
	GlobalSection(ExtensibilityGlobals) = postSolution
		SolutionGuid = {5365B58E-C694-4D56-B082-3F54DDF852C4}
	EndGlobalSection
EndGlobal
